
Microsoft Visual Studio Solution File, Format Version 12.00
# Visual Studio 15
VisualStudioVersion = 15.0.28307.1022
MinimumVisualStudioVersion = 10.0.40219.1
Project("{FAE04EC0-301F-11D3-BF4B-00C04F79EFBC}") = "bankamatik_simulasyon", "bankamatik_simulasyon\bankamatik_simulasyon.csproj", "{2A069F56-612F-4470-8654-F0A15BF9F0EC}"
EndProject
Global
	GlobalSection(SolutionConfigurationPlatforms) = preSolution
		Debug|Any CPU = Debug|Any CPU
		Release|Any CPU = Release|Any CPU
	EndGlobalSection
	GlobalSection(ProjectConfigurationPlatforms) = postSolution
		{2A069F56-612F-4470-8654-F0A15BF9F0EC}.Debug|Any CPU.ActiveCfg = Debug|Any CPU
		{2A069F56-612F-4470-8654-F0A15BF9F0EC}.Debug|Any CPU.Build.0 = Debug|Any CPU
		{2A069F56-612F-4470-8654-F0A15BF9F0EC}.Release|Any CPU.ActiveCfg = Release|Any CPU
		{2A069F56-612F-4470-8654-F0A15BF9F0EC}.Release|Any CPU.Build.0 = Release|Any CPU
	EndGlobalSection
	GlobalSection(SolutionProperties) = preSolution
		HideSolutionNode = FALSE
	EndGlobalSection
	GlobalSection(ExtensibilityGlobals) = postSolution
		SolutionGuid = {7C1281F3-D664-4F21-88B7-F9950D60A6BF}
	EndGlobalSection
EndGlobal
